
Microsoft Visual Studio Solution File, Format Version 12.00
# Visual Studio Version 17
VisualStudioVersion = 17.3.32819.101
MinimumVisualStudioVersion = 10.0.40219.1
Project("{FAE04EC0-301F-11D3-BF4B-00C04F79EFBC}") = "AMP_Telemetry_Service", "AMP_Telemetry_Service\AMP_Telemetry_Service.csproj", "{9A9E02AC-C3DD-4404-9F0E-E2EDAFF0B4EB}"
EndProject
Global
	GlobalSection(SolutionConfigurationPlatforms) = preSolution
		Debug|Any CPU = Debug|Any CPU
		Release|Any CPU = Release|Any CPU
	EndGlobalSection
	GlobalSection(ProjectConfigurationPlatforms) = postSolution
		{9A9E02AC-C3DD-4404-9F0E-E2EDAFF0B4EB}.Debug|Any CPU.ActiveCfg = Debug|Any CPU
		{9A9E02AC-C3DD-4404-9F0E-E2EDAFF0B4EB}.Debug|Any CPU.Build.0 = Debug|Any CPU
		{9A9E02AC-C3DD-4404-9F0E-E2EDAFF0B4EB}.Release|Any CPU.ActiveCfg = Release|Any CPU
		{9A9E02AC-C3DD-4404-9F0E-E2EDAFF0B4EB}.Release|Any CPU.Build.0 = Release|Any CPU
	EndGlobalSection
	GlobalSection(SolutionProperties) = preSolution
		HideSolutionNode = FALSE
	EndGlobalSection
	GlobalSection(ExtensibilityGlobals) = postSolution
		SolutionGuid = {3D7A3F9A-B5E8-4020-A31F-7A1389CFE14E}
	EndGlobalSection
EndGlobal
